
Microsoft Visual Studio Solution File, Format Version 12.00
# Visual Studio Version 17
VisualStudioVersion = 17.6.33829.357
MinimumVisualStudioVersion = 10.0.40219.1
Project("{FAE04EC0-301F-11D3-BF4B-00C04F79EFBC}") = "NativeAOTComWrappersAggregationRepro", "NativeAOTComWrappersAggregationRepro\NativeAOTComWrappersAggregationRepro.csproj", "{16BF176B-AA44-4D94-862E-24DAAE8E1275}"
EndProject
Project("{8BC9CEB8-8B4A-11D0-8D11-00A0C91BC942}") = "TestComponent", "TestComponent\TestComponent.vcxproj", "{1C0A5643-3FA9-44CA-AD90-82AB57625550}"
EndProject
Project("{FAE04EC0-301F-11D3-BF4B-00C04F79EFBC}") = "TestComponent.Projection", "TestComponent.Projection\TestComponent.Projection.csproj", "{732F802A-65FB-4B5F-8F2A-CD01EA63DD4E}"
EndProject
Global
	GlobalSection(SolutionConfigurationPlatforms) = preSolution
		Debug|Any CPU = Debug|Any CPU
		Debug|ARM = Debug|ARM
		Debug|ARM64 = Debug|ARM64
		Debug|x64 = Debug|x64
		Debug|x86 = Debug|x86
		Release|Any CPU = Release|Any CPU
		Release|ARM = Release|ARM
		Release|ARM64 = Release|ARM64
		Release|x64 = Release|x64
		Release|x86 = Release|x86
	EndGlobalSection
	GlobalSection(ProjectConfigurationPlatforms) = postSolution
		{16BF176B-AA44-4D94-862E-24DAAE8E1275}.Debug|Any CPU.ActiveCfg = Debug|Any CPU
		{16BF176B-AA44-4D94-862E-24DAAE8E1275}.Debug|Any CPU.Build.0 = Debug|Any CPU
		{16BF176B-AA44-4D94-862E-24DAAE8E1275}.Debug|ARM.ActiveCfg = Debug|Any CPU
		{16BF176B-AA44-4D94-862E-24DAAE8E1275}.Debug|ARM.Build.0 = Debug|Any CPU
		{16BF176B-AA44-4D94-862E-24DAAE8E1275}.Debug|ARM64.ActiveCfg = Debug|Any CPU
		{16BF176B-AA44-4D94-862E-24DAAE8E1275}.Debug|ARM64.Build.0 = Debug|Any CPU
		{16BF176B-AA44-4D94-862E-24DAAE8E1275}.Debug|x64.ActiveCfg = Debug|x64
		{16BF176B-AA44-4D94-862E-24DAAE8E1275}.Debug|x64.Build.0 = Debug|x64
		{16BF176B-AA44-4D94-862E-24DAAE8E1275}.Debug|x86.ActiveCfg = Debug|Any CPU
		{16BF176B-AA44-4D94-862E-24DAAE8E1275}.Debug|x86.Build.0 = Debug|Any CPU
		{16BF176B-AA44-4D94-862E-24DAAE8E1275}.Release|Any CPU.ActiveCfg = Release|Any CPU
		{16BF176B-AA44-4D94-862E-24DAAE8E1275}.Release|Any CPU.Build.0 = Release|Any CPU
		{16BF176B-AA44-4D94-862E-24DAAE8E1275}.Release|ARM.ActiveCfg = Release|Any CPU
		{16BF176B-AA44-4D94-862E-24DAAE8E1275}.Release|ARM.Build.0 = Release|Any CPU
		{16BF176B-AA44-4D94-862E-24DAAE8E1275}.Release|ARM64.ActiveCfg = Release|Any CPU
		{16BF176B-AA44-4D94-862E-24DAAE8E1275}.Release|ARM64.Build.0 = Release|Any CPU
		{16BF176B-AA44-4D94-862E-24DAAE8E1275}.Release|x64.ActiveCfg = Release|x64
		{16BF176B-AA44-4D94-862E-24DAAE8E1275}.Release|x64.Build.0 = Release|x64
		{16BF176B-AA44-4D94-862E-24DAAE8E1275}.Release|x86.ActiveCfg = Release|Any CPU
		{16BF176B-AA44-4D94-862E-24DAAE8E1275}.Release|x86.Build.0 = Release|Any CPU
		{1C0A5643-3FA9-44CA-AD90-82AB57625550}.Debug|Any CPU.ActiveCfg = Debug|x64
		{1C0A5643-3FA9-44CA-AD90-82AB57625550}.Debug|Any CPU.Build.0 = Debug|x64
		{1C0A5643-3FA9-44CA-AD90-82AB57625550}.Debug|ARM.ActiveCfg = Debug|ARM
		{1C0A5643-3FA9-44CA-AD90-82AB57625550}.Debug|ARM.Build.0 = Debug|ARM
		{1C0A5643-3FA9-44CA-AD90-82AB57625550}.Debug|ARM64.ActiveCfg = Debug|ARM64
		{1C0A5643-3FA9-44CA-AD90-82AB57625550}.Debug|ARM64.Build.0 = Debug|ARM64
		{1C0A5643-3FA9-44CA-AD90-82AB57625550}.Debug|x64.ActiveCfg = Debug|x64
		{1C0A5643-3FA9-44CA-AD90-82AB57625550}.Debug|x64.Build.0 = Debug|x64
		{1C0A5643-3FA9-44CA-AD90-82AB57625550}.Debug|x86.ActiveCfg = Debug|Win32
		{1C0A5643-3FA9-44CA-AD90-82AB57625550}.Debug|x86.Build.0 = Debug|Win32
		{1C0A5643-3FA9-44CA-AD90-82AB57625550}.Release|Any CPU.ActiveCfg = Release|x64
		{1C0A5643-3FA9-44CA-AD90-82AB57625550}.Release|Any CPU.Build.0 = Release|x64
		{1C0A5643-3FA9-44CA-AD90-82AB57625550}.Release|ARM.ActiveCfg = Release|ARM
		{1C0A5643-3FA9-44CA-AD90-82AB57625550}.Release|ARM.Build.0 = Release|ARM
		{1C0A5643-3FA9-44CA-AD90-82AB57625550}.Release|ARM64.ActiveCfg = Release|ARM64
		{1C0A5643-3FA9-44CA-AD90-82AB57625550}.Release|ARM64.Build.0 = Release|ARM64
		{1C0A5643-3FA9-44CA-AD90-82AB57625550}.Release|x64.ActiveCfg = Release|x64
		{1C0A5643-3FA9-44CA-AD90-82AB57625550}.Release|x64.Build.0 = Release|x64
		{1C0A5643-3FA9-44CA-AD90-82AB57625550}.Release|x86.ActiveCfg = Release|Win32
		{1C0A5643-3FA9-44CA-AD90-82AB57625550}.Release|x86.Build.0 = Release|Win32
		{732F802A-65FB-4B5F-8F2A-CD01EA63DD4E}.Debug|Any CPU.ActiveCfg = Debug|Any CPU
		{732F802A-65FB-4B5F-8F2A-CD01EA63DD4E}.Debug|Any CPU.Build.0 = Debug|Any CPU
		{732F802A-65FB-4B5F-8F2A-CD01EA63DD4E}.Debug|ARM.ActiveCfg = Debug|Any CPU
		{732F802A-65FB-4B5F-8F2A-CD01EA63DD4E}.Debug|ARM.Build.0 = Debug|Any CPU
		{732F802A-65FB-4B5F-8F2A-CD01EA63DD4E}.Debug|ARM64.ActiveCfg = Debug|Any CPU
		{732F802A-65FB-4B5F-8F2A-CD01EA63DD4E}.Debug|ARM64.Build.0 = Debug|Any CPU
		{732F802A-65FB-4B5F-8F2A-CD01EA63DD4E}.Debug|x64.ActiveCfg = Debug|x64
		{732F802A-65FB-4B5F-8F2A-CD01EA63DD4E}.Debug|x64.Build.0 = Debug|x64
		{732F802A-65FB-4B5F-8F2A-CD01EA63DD4E}.Debug|x86.ActiveCfg = Debug|Any CPU
		{732F802A-65FB-4B5F-8F2A-CD01EA63DD4E}.Debug|x86.Build.0 = Debug|Any CPU
		{732F802A-65FB-4B5F-8F2A-CD01EA63DD4E}.Release|Any CPU.ActiveCfg = Release|Any CPU
		{732F802A-65FB-4B5F-8F2A-CD01EA63DD4E}.Release|Any CPU.Build.0 = Release|Any CPU
		{732F802A-65FB-4B5F-8F2A-CD01EA63DD4E}.Release|ARM.ActiveCfg = Release|Any CPU
		{732F802A-65FB-4B5F-8F2A-CD01EA63DD4E}.Release|ARM.Build.0 = Release|Any CPU
		{732F802A-65FB-4B5F-8F2A-CD01EA63DD4E}.Release|ARM64.ActiveCfg = Release|Any CPU
		{732F802A-65FB-4B5F-8F2A-CD01EA63DD4E}.Release|ARM64.Build.0 = Release|Any CPU
		{732F802A-65FB-4B5F-8F2A-CD01EA63DD4E}.Release|x64.ActiveCfg = Release|x64
		{732F802A-65FB-4B5F-8F2A-CD01EA63DD4E}.Release|x64.Build.0 = Release|x64
		{732F802A-65FB-4B5F-8F2A-CD01EA63DD4E}.Release|x86.ActiveCfg = Release|Any CPU
		{732F802A-65FB-4B5F-8F2A-CD01EA63DD4E}.Release|x86.Build.0 = Release|Any CPU
	EndGlobalSection
	GlobalSection(SolutionProperties) = preSolution
		HideSolutionNode = FALSE
	EndGlobalSection
	GlobalSection(ExtensibilityGlobals) = postSolution
		SolutionGuid = {67726818-34D3-46E4-B378-D7916FF1BC5D}
	EndGlobalSection
EndGlobal
